// !$*UTF8*$!
{
	archiveVersion = 1;
	classes = {
	};
	objectVersion = 50;
	objects = {

/* Begin PBXBuildFile section */
		DE03494E2581081A00B6FD72 /* AppDelegate.swift in Sources */ = {isa = PBXBuildFile; fileRef = DE03494D2581081A00B6FD72 /* AppDelegate.swift */; };
		DE0349502581081A00B6FD72 /* SceneDelegate.swift in Sources */ = {isa = PBXBuildFile; fileRef = DE03494F2581081A00B6FD72 /* SceneDelegate.swift */; };
		DE0349522581081A00B6FD72 /* ViewController.swift in Sources */ = {isa = PBXBuildFile; fileRef = DE0349512581081A00B6FD72 /* ViewController.swift */; };
		DE0349552581081A00B6FD72 /* Main.storyboard in Resources */ = {isa = PBXBuildFile; fileRef = DE0349532581081A00B6FD72 /* Main.storyboard */; };
		DE0349572581081D00B6FD72 /* Assets.xcassets in Resources */ = {isa = PBXBuildFile; fileRef = DE0349562581081D00B6FD72 /* Assets.xcassets */; };
		DE03495A2581081D00B6FD72 /* LaunchScreen.storyboard in Resources */ = {isa = PBXBuildFile; fileRef = DE0349582581081D00B6FD72 /* LaunchScreen.storyboard */; };
		DE03496C2581091400B6FD72 /* RepeatingString.framework in Frameworks */ = {isa = PBXBuildFile; fileRef = DE03496B2581091400B6FD72 /* RepeatingString.framework */; };
		DE03496D2581091400B6FD72 /* RepeatingString.framework in Embed Frameworks */ = {isa = PBXBuildFile; fileRef = DE03496B2581091400B6FD72 /* RepeatingString.framework */; settings = {ATTRIBUTES = (CodeSignOnCopy, RemoveHeadersOnCopy, ); }; };
/* End PBXBuildFile section */

/* Begin PBXCopyFilesBuildPhase section */
		DE03496E2581091400B6FD72 /* Embed Frameworks */ = {
			isa = PBXCopyFilesBuildPhase;
			buildActionMask = 2147483647;
			dstPath = "";
			dstSubfolderSpec = 10;
			files = (
				DE03496D2581091400B6FD72 /* RepeatingString.framework in Embed Frameworks */,
			);
			name = "Embed Frameworks";
			runOnlyForDeploymentPostprocessing = 0;
		};
/* End PBXCopyFilesBuildPhase section */

/* Begin PBXFileReference section */
		DE03494A2581081A00B6FD72 /* RepeatingStringExample-iOS.app */ = {isa = PBXFileReference; explicitFileType = wrapper.application; includeInIndex = 0; path = "RepeatingStringExample-iOS.app"; sourceTree = BUILT_PRODUCTS_DIR; };
		DE03494D2581081A00B6FD72 /* AppDelegate.swift */ = {isa = PBXFileReference; lastKnownFileType = sourcecode.swift; path = AppDelegate.swift; sourceTree = "<group>"; };
		DE03494F2581081A00B6FD72 /* SceneDelegate.swift */ = {isa = PBXFileReference; lastKnownFileType = sourcecode.swift; path = SceneDelegate.swift; sourceTree = "<group>"; };
		DE0349512581081A00B6FD72 /* ViewController.swift */ = {isa = PBXFileReference; lastKnownFileType = sourcecode.swift; path = ViewController.swift; sourceTree = "<group>"; };
		DE0349542581081A00B6FD72 /* Base */ = {isa = PBXFileReference; lastKnownFileType = file.storyboard; name = Base; path = Base.lproj/Main.storyboard; sourceTree = "<group>"; };
		DE0349562581081D00B6FD72 /* Assets.xcassets */ = {isa = PBXFileReference; lastKnownFileType = folder.assetcatalog; path = Assets.xcassets; sourceTree = "<group>"; };
		DE0349592581081D00B6FD72 /* Base */ = {isa = PBXFileReference; lastKnownFileType = file.storyboard; name = Base; path = Base.lproj/LaunchScreen.storyboard; sourceTree = "<group>"; };
		DE03495B2581081D00B6FD72 /* Info.plist */ = {isa = PBXFileReference; lastKnownFileType = text.plist.xml; path = Info.plist; sourceTree = "<group>"; };
		DE03496B2581091400B6FD72 /* RepeatingString.framework */ = {isa = PBXFileReference; explicitFileType = wrapper.framework; path = RepeatingString.framework; sourceTree = BUILT_PRODUCTS_DIR; };
/* End PBXFileReference section */

/* Begin PBXFrameworksBuildPhase section */
		DE0349472581081A00B6FD72 /* Frameworks */ = {
			isa = PBXFrameworksBuildPhase;
			buildActionMask = 2147483647;
			files = (
				DE03496C2581091400B6FD72 /* RepeatingString.framework in Frameworks */,
			);
			runOnlyForDeploymentPostprocessing = 0;
		};
/* End PBXFrameworksBuildPhase section */

/* Begin PBXGroup section */
		DE0349412581081A00B6FD72 = {
			isa = PBXGroup;
			children = (
				DE03494C2581081A00B6FD72 /* RepeatingStringExample-iOS */,
				DE03494B2581081A00B6FD72 /* Products */,
				DE03496A2581091400B6FD72 /* Frameworks */,
			);
			sourceTree = "<group>";
		};
		DE03494B2581081A00B6FD72 /* Products */ = {
			isa = PBXGroup;
			children = (
				DE03494A2581081A00B6FD72 /* RepeatingStringExample-iOS.app */,
			);
			name = Products;
			sourceTree = "<group>";
		};
		DE03494C2581081A00B6FD72 /* RepeatingStringExample-iOS */ = {
			isa = PBXGroup;
			children = (
				DE03494D2581081A00B6FD72 /* AppDelegate.swift */,
				DE03494F2581081A00B6FD72 /* SceneDelegate.swift */,
				DE0349512581081A00B6FD72 /* ViewController.swift */,
				DE0349532581081A00B6FD72 /* Main.storyboard */,
				DE0349562581081D00B6FD72 /* Assets.xcassets */,
				DE0349582581081D00B6FD72 /* LaunchScreen.storyboard */,
				DE03495B2581081D00B6FD72 /* Info.plist */,
			);
			path = "RepeatingStringExample-iOS";
			sourceTree = "<group>";
		};
		DE03496A2581091400B6FD72 /* Frameworks */ = {
			isa = PBXGroup;
			children = (
				DE03496B2581091400B6FD72 /* RepeatingString.framework */,
			);
			name = Frameworks;
			sourceTree = "<group>";
		};
/* End PBXGroup section */

/* Begin PBXNativeTarget section */
		DE0349492581081A00B6FD72 /* RepeatingStringExample-iOS */ = {
			isa = PBXNativeTarget;
			buildConfigurationList = DE03495E2581081D00B6FD72 /* Build configuration list for PBXNativeTarget "RepeatingStringExample-iOS" */;
			buildPhases = (
				DE0349462581081A00B6FD72 /* Sources */,
				DE0349472581081A00B6FD72 /* Frameworks */,
				DE0349482581081A00B6FD72 /* Resources */,
				DE03496E2581091400B6FD72 /* Embed Frameworks */,
			);
			buildRules = (
			);
			dependencies = (
			);
			name = "RepeatingStringExample-iOS";
			productName = "RepeatingStringExample-iOS";
			productReference = DE03494A2581081A00B6FD72 /* RepeatingStringExample-iOS.app */;
			productType = "com.apple.product-type.application";
		};
/* End PBXNativeTarget section */

/* Begin PBXProject section */
		DE0349422581081A00B6FD72 /* Project object */ = {
			isa = PBXProject;
			attributes = {
				LastSwiftUpdateCheck = 1220;
				LastUpgradeCheck = 1220;
				TargetAttributes = {
					DE0349492581081A00B6FD72 = {
						CreatedOnToolsVersion = 12.2;
					};
				};
			};
			buildConfigurationList = DE0349452581081A00B6FD72 /* Build configuration list for PBXProject "RepeatingStringExample-iOS" */;
			compatibilityVersion = "Xcode 9.3";
			developmentRegion = en;
			hasScannedForEncodings = 0;
			knownRegions = (
				en,
				Base,
			);
			mainGroup = DE0349412581081A00B6FD72;
			productRefGroup = DE03494B2581081A00B6FD72 /* Products */;
			projectDirPath = "";
			projectRoot = "";
			targets = (
				DE0349492581081A00B6FD72 /* RepeatingStringExample-iOS */,
			);
		};
/* End PBXProject section */

/* Begin PBXResourcesBuildPhase section */
		DE0349482581081A00B6FD72 /* Resources */ = {
			isa = PBXResourcesBuildPhase;
			buildActionMask = 2147483647;
			files = (
				DE03495A2581081D00B6FD72 /* LaunchScreen.storyboard in Resources */,
				DE0349572581081D00B6FD72 /* Assets.xcassets in Resources */,
				DE0349552581081A00B6FD72 /* Main.storyboard in Resources */,
			);
			runOnlyForDeploymentPostprocessing = 0;
		};
/* End PBXResourcesBuildPhase section */

/* Begin PBXSourcesBuildPhase section */
		DE0349462581081A00B6FD72 /* Sources */ = {
			isa = PBXSourcesBuildPhase;
			buildActionMask = 2147483647;
			files = (
				DE0349522581081A00B6FD72 /* ViewController.swift in Sources */,
				DE03494E2581081A00B6FD72 /* AppDelegate.swift in Sources */,
				DE0349502581081A00B6FD72 /* SceneDelegate.swift in Sources */,
			);
			runOnlyForDeploymentPostprocessing = 0;
		};
/* End PBXSourcesBuildPhase section */

/* Begin PBXVariantGroup section */
		DE0349532581081A00B6FD72 /* Main.storyboard */ = {
			isa = PBXVariantGroup;
			children = (
				DE0349542581081A00B6FD72 /* Base */,
			);
			name = Main.storyboard;
			sourceTree = "<group>";
		};
		DE0349582581081D00B6FD72 /* LaunchScreen.storyboard */ = {
			isa = PBXVariantGroup;
			children = (
				DE0349592581081D00B6FD72 /* Base */,
			);
			name = LaunchScreen.storyboard;
			sourceTree = "<group>";
		};
/* End PBXVariantGroup section */

/* Begin XCBuildConfiguration section */
		DE03495C2581081D00B6FD72 /* Debug */ = {
			isa = XCBuildConfiguration;
			buildSettings = {
				ALWAYS_SEARCH_USER_PATHS = NO;
				CLANG_ANALYZER_NONNULL = YES;
				CLANG_ANALYZER_NUMBER_OBJECT_CONVERSION = YES_AGGRESSIVE;
				CLANG_CXX_LANGUAGE_STANDARD = "gnu++14";
				CLANG_CXX_LIBRARY = "libc++";
				CLANG_ENABLE_MODULES = YES;
				CLANG_ENABLE_OBJC_ARC = YES;
				CLANG_ENABLE_OBJC_WEAK = YES;
				CLANG_WARN_BLOCK_CAPTURE_AUTORELEASING = YES;
				CLANG_WARN_BOOL_CONVERSION = YES;
				CLANG_WARN_COMMA = YES;
				CLANG_WARN_CONSTANT_CONVERSION = YES;
				CLANG_WARN_DEPRECATED_OBJC_IMPLEMENTATIONS = YES;
				CLANG_WARN_DIRECT_OBJC_ISA_USAGE = YES_ERROR;
				CLANG_WARN_DOCUMENTATION_COMMENTS = YES;
				CLANG_WARN_EMPTY_BODY = YES;
				CLANG_WARN_ENUM_CONVERSION = YES;
				CLANG_WARN_INFINITE_RECURSION = YES;
				CLANG_WARN_INT_CONVERSION = YES;
				CLANG_WARN_NON_LITERAL_NULL_CONVERSION = YES;
				CLANG_WARN_OBJC_IMPLICIT_RETAIN_SELF = YES;
				CLANG_WARN_OBJC_LITERAL_CONVERSION = YES;
				CLANG_WARN_OBJC_ROOT_CLASS = YES_ERROR;
				CLANG_WARN_QUOTED_INCLUDE_IN_FRAMEWORK_HEADER = YES;
				CLANG_WARN_RANGE_LOOP_ANALYSIS = YES;
				CLANG_WARN_STRICT_PROTOTYPES = YES;
				CLANG_WARN_SUSPICIOUS_MOVE = YES;
				CLANG_WARN_UNGUARDED_AVAILABILITY = YES_AGGRESSIVE;
				CLANG_WARN_UNREACHABLE_CODE = YES;
				CLANG_WARN__DUPLICATE_METHOD_MATCH = YES;
				COPY_PHASE_STRIP = NO;
				DEBUG_INFORMATION_FORMAT = dwarf;
				ENABLE_STRICT_OBJC_MSGSEND = YES;
				ENABLE_TESTABILITY = YES;
				GCC_C_LANGUAGE_STANDARD = gnu11;
				GCC_DYNAMIC_NO_PIC = NO;
				GCC_NO_COMMON_BLOCKS = YES;
				GCC_OPTIMIZATION_LEVEL = 0;
				GCC_PREPROCESSOR_DEFINITIONS = (
					"DEBUG=1",
					"$(inherited)",
				);
				GCC_WARN_64_TO_32_BIT_CONVERSION = YES;
				GCC_WARN_ABOUT_RETURN_TYPE = YES_ERROR;
				GCC_WARN_UNDECLARED_SELECTOR = YES;
				GCC_WARN_UNINITIALIZED_AUTOS = YES_AGGRESSIVE;
				GCC_WARN_UNUSED_FUNCTION = YES;
				GCC_WARN_UNUSED_VARIABLE = YES;
				IPHONEOS_DEPLOYMENT_TARGET = 14.2;
				MTL_ENABLE_DEBUG_INFO = INCLUDE_SOURCE;
				MTL_FAST_MATH = YES;
				ONLY_ACTIVE_ARCH = YES;
				SDKROOT = iphoneos;
				SWIFT_ACTIVE_COMPILATION_CONDITIONS = DEBUG;
				SWIFT_OPTIMIZATION_LEVEL = "-Onone";
			};
			name = Debug;
		};
		DE03495D2581081D00B6FD72 /* Release */ = {
			isa = XCBuildConfiguration;
			buildSettings = {
				ALWAYS_SEARCH_USER_PATHS = NO;
				CLANG_ANALYZER_NONNULL = YES;
				CLANG_ANALYZER_NUMBER_OBJECT_CONVERSION = YES_AGGRESSIVE;
				CLANG_CXX_LANGUAGE_STANDARD = "gnu++14";
				CLANG_CXX_LIBRARY = "libc++";
				CLANG_ENABLE_MODULES = YES;
				CLANG_ENABLE_OBJC_ARC = YES;
				CLANG_ENABLE_OBJC_WEAK = YES;
				CLANG_WARN_BLOCK_CAPTURE_AUTORELEASING = YES;
				CLANG_WARN_BOOL_CONVERSION = YES;
				CLANG_WARN_COMMA = YES;
				CLANG_WARN_CONSTANT_CONVERSION = YES;
				CLANG_WARN_DEPRECATED_OBJC_IMPLEMENTATIONS = YES;
				CLANG_WARN_DIRECT_OBJC_ISA_USAGE = YES_ERROR;
				CLANG_WARN_DOCUMENTATION_COMMENTS = YES;
				CLANG_WARN_EMPTY_BODY = YES;
				CLANG_WARN_ENUM_CONVERSION = YES;
				CLANG_WARN_INFINITE_RECURSION = YES;
				CLANG_WARN_INT_CONVERSION = YES;
				CLANG_WARN_NON_LITERAL_NULL_CONVERSION = YES;
				CLANG_WARN_OBJC_IMPLICIT_RETAIN_SELF = YES;
				CLANG_WARN_OBJC_LITERAL_CONVERSION = YES;
				CLANG_WARN_OBJC_ROOT_CLASS = YES_ERROR;
				CLANG_WARN_QUOTED_INCLUDE_IN_FRAMEWORK_HEADER = YES;
				CLANG_WARN_RANGE_LOOP_ANALYSIS = YES;
				CLANG_WARN_STRICT_PROTOTYPES = YES;
				CLANG_WARN_SUSPICIOUS_MOVE = YES;
				CLANG_WARN_UNGUARDED_AVAILABILITY = YES_AGGRESSIVE;
				CLANG_WARN_UNREACHABLE_CODE = YES;
				CLANG_WARN__DUPLICATE_METHOD_MATCH = YES;
				COPY_PHASE_STRIP = NO;
				DEBUG_INFORMATION_FORMAT = "dwarf-with-dsym";
				ENABLE_NS_ASSERTIONS = NO;
				ENABLE_STRICT_OBJC_MSGSEND = YES;
				GCC_C_LANGUAGE_STANDARD = gnu11;
				GCC_NO_COMMON_BLOCKS = YES;
				GCC_WARN_64_TO_32_BIT_CONVERSION = YES;
				GCC_WARN_ABOUT_RETURN_TYPE = YES_ERROR;
				GCC_WARN_UNDECLARED_SELECTOR = YES;
				GCC_WARN_UNINITIALIZED_AUTOS = YES_AGGRESSIVE;
				GCC_WARN_UNUSED_FUNCTION = YES;
				GCC_WARN_UNUSED_VARIABLE = YES;
				IPHONEOS_DEPLOYMENT_TARGET = 14.2;
				MTL_ENABLE_DEBUG_INFO = NO;
				MTL_FAST_MATH = YES;
				SDKROOT = iphoneos;
				SWIFT_COMPILATION_MODE = wholemodule;
				SWIFT_OPTIMIZATION_LEVEL = "-O";
				VALIDATE_PRODUCT = YES;
			};
			name = Release;
		};
		DE03495F2581081D00B6FD72 /* Debug */ = {
			isa = XCBuildConfiguration;
			buildSettings = {
				ASSETCATALOG_COMPILER_APPICON_NAME = AppIcon;
				ASSETCATALOG_COMPILER_GLOBAL_ACCENT_COLOR_NAME = AccentColor;
				CODE_SIGN_STYLE = Automatic;
				DEVELOPMENT_TEAM = PM34MLKL7J;
				INFOPLIST_FILE = "RepeatingStringExample-iOS/Info.plist";
				LD_RUNPATH_SEARCH_PATHS = (
					"$(inherited)",
					"@executable_path/Frameworks",
				);
				PRODUCT_BUNDLE_IDENTIFIER = "Gasol-dev.RepeatingStringExample-iOS";
				PRODUCT_NAME = "$(TARGET_NAME)";
				SWIFT_VERSION = 5.0;
				TARGETED_DEVICE_FAMILY = "1,2";
			};
			name = Debug;
		};
		DE0349602581081D00B6FD72 /* Release */ = {
			isa = XCBuildConfiguration;
			buildSettings = {
				ASSETCATALOG_COMPILER_APPICON_NAME = AppIcon;
				ASSETCATALOG_COMPILER_GLOBAL_ACCENT_COLOR_NAME = AccentColor;
				CODE_SIGN_STYLE = Automatic;
				DEVELOPMENT_TEAM = PM34MLKL7J;
				INFOPLIST_FILE = "RepeatingStringExample-iOS/Info.plist";
				LD_RUNPATH_SEARCH_PATHS = (
					"$(inherited)",
					"@executable_path/Frameworks",
				);
				PRODUCT_BUNDLE_IDENTIFIER = "Gasol-dev.RepeatingStringExample-iOS";
				PRODUCT_NAME = "$(TARGET_NAME)";
				SWIFT_VERSION = 5.0;
				TARGETED_DEVICE_FAMILY = "1,2";
			};
			name = Release;
		};
/* End XCBuildConfiguration section */

/* Begin XCConfigurationList section */
		DE0349452581081A00B6FD72 /* Build configuration list for PBXProject "RepeatingStringExample-iOS" */ = {
			isa = XCConfigurationList;
			buildConfigurations = (
				DE03495C2581081D00B6FD72 /* Debug */,
				DE03495D2581081D00B6FD72 /* Release */,
			);
			defaultConfigurationIsVisible = 0;
			defaultConfigurationName = Release;
		};
		DE03495E2581081D00B6FD72 /* Build configuration list for PBXNativeTarget "RepeatingStringExample-iOS" */ = {
			isa = XCConfigurationList;
			buildConfigurations = (
				DE03495F2581081D00B6FD72 /* Debug */,
				DE0349602581081D00B6FD72 /* Release */,
			);
			defaultConfigurationIsVisible = 0;
			defaultConfigurationName = Release;
		};
/* End XCConfigurationList section */
	};
	rootObject = DE0349422581081A00B6FD72 /* Project object */;
}
